
Microsoft Visual Studio Solution File, Format Version 12.00
# Visual Studio Version 17
VisualStudioVersion = 17.1.32328.378
MinimumVisualStudioVersion = 10.0.40219.1
Project("{9A19103F-16F7-4668-BE54-9A1E7A4F7556}") = "ProEventosApp", "ProEventosApp.csproj", "{EBA05D8F-D45F-4015-ABAD-E28AB3652CE2}"
EndProject
Project("{9A19103F-16F7-4668-BE54-9A1E7A4F7556}") = "Data", "..\Data\Data.csproj", "{DECA5EC3-551C-4A50-BAF9-B6E380D4AC4A}"
EndProject
Project("{9A19103F-16F7-4668-BE54-9A1E7A4F7556}") = "Domain", "..\Domain\Domain.csproj", "{406D8C00-4747-4545-BB33-255BF95C6B3A}"
EndProject
Project("{9A19103F-16F7-4668-BE54-9A1E7A4F7556}") = "Services", "..\Services\Services.csproj", "{D9477276-CF0F-4B6B-9FC8-A371FE1179D5}"
EndProject
Global
	GlobalSection(SolutionConfigurationPlatforms) = preSolution
		Debug|Any CPU = Debug|Any CPU
		Release|Any CPU = Release|Any CPU
	EndGlobalSection
	GlobalSection(ProjectConfigurationPlatforms) = postSolution
		{EBA05D8F-D45F-4015-ABAD-E28AB3652CE2}.Debug|Any CPU.ActiveCfg = Debug|Any CPU
		{EBA05D8F-D45F-4015-ABAD-E28AB3652CE2}.Debug|Any CPU.Build.0 = Debug|Any CPU
		{EBA05D8F-D45F-4015-ABAD-E28AB3652CE2}.Release|Any CPU.ActiveCfg = Release|Any CPU
		{EBA05D8F-D45F-4015-ABAD-E28AB3652CE2}.Release|Any CPU.Build.0 = Release|Any CPU
		{DECA5EC3-551C-4A50-BAF9-B6E380D4AC4A}.Debug|Any CPU.ActiveCfg = Debug|Any CPU
		{DECA5EC3-551C-4A50-BAF9-B6E380D4AC4A}.Debug|Any CPU.Build.0 = Debug|Any CPU
		{DECA5EC3-551C-4A50-BAF9-B6E380D4AC4A}.Release|Any CPU.ActiveCfg = Release|Any CPU
		{DECA5EC3-551C-4A50-BAF9-B6E380D4AC4A}.Release|Any CPU.Build.0 = Release|Any CPU
		{406D8C00-4747-4545-BB33-255BF95C6B3A}.Debug|Any CPU.ActiveCfg = Debug|Any CPU
		{406D8C00-4747-4545-BB33-255BF95C6B3A}.Debug|Any CPU.Build.0 = Debug|Any CPU
		{406D8C00-4747-4545-BB33-255BF95C6B3A}.Release|Any CPU.ActiveCfg = Release|Any CPU
		{406D8C00-4747-4545-BB33-255BF95C6B3A}.Release|Any CPU.Build.0 = Release|Any CPU
		{D9477276-CF0F-4B6B-9FC8-A371FE1179D5}.Debug|Any CPU.ActiveCfg = Debug|Any CPU
		{D9477276-CF0F-4B6B-9FC8-A371FE1179D5}.Debug|Any CPU.Build.0 = Debug|Any CPU
		{D9477276-CF0F-4B6B-9FC8-A371FE1179D5}.Release|Any CPU.ActiveCfg = Release|Any CPU
		{D9477276-CF0F-4B6B-9FC8-A371FE1179D5}.Release|Any CPU.Build.0 = Release|Any CPU
	EndGlobalSection
	GlobalSection(SolutionProperties) = preSolution
		HideSolutionNode = FALSE
	EndGlobalSection
	GlobalSection(ExtensibilityGlobals) = postSolution
		SolutionGuid = {31BE9776-C025-4B56-B3D0-21FA33DCB6A9}
	EndGlobalSection
EndGlobal
